
Microsoft Visual Studio Solution File, Format Version 12.00
# Visual Studio Version 16
VisualStudioVersion = 16.0.31205.134
MinimumVisualStudioVersion = 10.0.40219.1
Project("{FAE04EC0-301F-11D3-BF4B-00C04F79EFBC}") = "TempoEvento", "TempoEvento\TempoEvento.csproj", "{3BCBFC07-2C80-4C74-BE1A-455ADAF26095}"
EndProject
Global
	GlobalSection(SolutionConfigurationPlatforms) = preSolution
		Debug|Any CPU = Debug|Any CPU
		Release|Any CPU = Release|Any CPU
	EndGlobalSection
	GlobalSection(ProjectConfigurationPlatforms) = postSolution
		{3BCBFC07-2C80-4C74-BE1A-455ADAF26095}.Debug|Any CPU.ActiveCfg = Debug|Any CPU
		{3BCBFC07-2C80-4C74-BE1A-455ADAF26095}.Debug|Any CPU.Build.0 = Debug|Any CPU
		{3BCBFC07-2C80-4C74-BE1A-455ADAF26095}.Release|Any CPU.ActiveCfg = Release|Any CPU
		{3BCBFC07-2C80-4C74-BE1A-455ADAF26095}.Release|Any CPU.Build.0 = Release|Any CPU
	EndGlobalSection
	GlobalSection(SolutionProperties) = preSolution
		HideSolutionNode = FALSE
	EndGlobalSection
	GlobalSection(ExtensibilityGlobals) = postSolution
		SolutionGuid = {769C1002-E438-460A-9FA0-E2D927E195AA}
	EndGlobalSection
EndGlobal
